
Microsoft Visual Studio Solution File, Format Version 12.00
# Visual Studio 14
VisualStudioVersion = 14.0.25420.1
MinimumVisualStudioVersion = 10.0.40219.1
Project("{FAE04EC0-301F-11D3-BF4B-00C04F79EFBC}") = "generateur", "generateur\generateur.csproj", "{373AACD3-0719-4416-B5B7-E198B668D0A0}"
EndProject
Project("{FAE04EC0-301F-11D3-BF4B-00C04F79EFBC}") = "mathador", "mathador\mathador.csproj", "{FFFBBA70-CD04-4D99-9005-231442063138}"
EndProject
Project("{FAE04EC0-301F-11D3-BF4B-00C04F79EFBC}") = "SolverTest", "SolverTest\SolverTest.csproj", "{23856AC4-AB3A-4F67-8136-749EEE3CE712}"
EndProject
Project("{FAE04EC0-301F-11D3-BF4B-00C04F79EFBC}") = "Solver", "Solver\Solver.csproj", "{4E6AA840-F868-4A59-8BDE-8D6A70C38C67}"
EndProject
Project("{FAE04EC0-301F-11D3-BF4B-00C04F79EFBC}") = "MathadorLibrary", "MathadorLibrary\MathadorLibrary.csproj", "{0B247FFD-FA08-42AC-945F-2CDCF025666D}"
EndProject
Project("{FAE04EC0-301F-11D3-BF4B-00C04F79EFBC}") = "MathadorDatabase", "MathadorDatabase\MathadorDatabase.csproj", "{4EF837D2-14F3-4ED8-BDAF-9F3A4E7AF371}"
EndProject
Project("{FAE04EC0-301F-11D3-BF4B-00C04F79EFBC}") = "MathadorDatabaseTest", "MathadorDatabaseTest\MathadorDatabaseTest.csproj", "{720E3EC2-8ACC-46D3-9D33-683126ACCDC4}"
EndProject
Global
	GlobalSection(SolutionConfigurationPlatforms) = preSolution
		Debug|Any CPU = Debug|Any CPU
		Release|Any CPU = Release|Any CPU
	EndGlobalSection
	GlobalSection(ProjectConfigurationPlatforms) = postSolution
		{373AACD3-0719-4416-B5B7-E198B668D0A0}.Debug|Any CPU.ActiveCfg = Debug|Any CPU
		{373AACD3-0719-4416-B5B7-E198B668D0A0}.Debug|Any CPU.Build.0 = Debug|Any CPU
		{373AACD3-0719-4416-B5B7-E198B668D0A0}.Release|Any CPU.ActiveCfg = Release|Any CPU
		{373AACD3-0719-4416-B5B7-E198B668D0A0}.Release|Any CPU.Build.0 = Release|Any CPU
		{FFFBBA70-CD04-4D99-9005-231442063138}.Debug|Any CPU.ActiveCfg = Debug|Any CPU
		{FFFBBA70-CD04-4D99-9005-231442063138}.Debug|Any CPU.Build.0 = Debug|Any CPU
		{FFFBBA70-CD04-4D99-9005-231442063138}.Release|Any CPU.ActiveCfg = Release|Any CPU
		{FFFBBA70-CD04-4D99-9005-231442063138}.Release|Any CPU.Build.0 = Release|Any CPU
		{23856AC4-AB3A-4F67-8136-749EEE3CE712}.Debug|Any CPU.ActiveCfg = Debug|Any CPU
		{23856AC4-AB3A-4F67-8136-749EEE3CE712}.Debug|Any CPU.Build.0 = Debug|Any CPU
		{23856AC4-AB3A-4F67-8136-749EEE3CE712}.Release|Any CPU.ActiveCfg = Release|Any CPU
		{23856AC4-AB3A-4F67-8136-749EEE3CE712}.Release|Any CPU.Build.0 = Release|Any CPU
		{4E6AA840-F868-4A59-8BDE-8D6A70C38C67}.Debug|Any CPU.ActiveCfg = Debug|Any CPU
		{4E6AA840-F868-4A59-8BDE-8D6A70C38C67}.Debug|Any CPU.Build.0 = Debug|Any CPU
		{4E6AA840-F868-4A59-8BDE-8D6A70C38C67}.Release|Any CPU.ActiveCfg = Release|Any CPU
		{4E6AA840-F868-4A59-8BDE-8D6A70C38C67}.Release|Any CPU.Build.0 = Release|Any CPU
		{0B247FFD-FA08-42AC-945F-2CDCF025666D}.Debug|Any CPU.ActiveCfg = Debug|Any CPU
		{0B247FFD-FA08-42AC-945F-2CDCF025666D}.Debug|Any CPU.Build.0 = Debug|Any CPU
		{0B247FFD-FA08-42AC-945F-2CDCF025666D}.Release|Any CPU.ActiveCfg = Release|Any CPU
		{0B247FFD-FA08-42AC-945F-2CDCF025666D}.Release|Any CPU.Build.0 = Release|Any CPU
		{4EF837D2-14F3-4ED8-BDAF-9F3A4E7AF371}.Debug|Any CPU.ActiveCfg = Debug|Any CPU
		{4EF837D2-14F3-4ED8-BDAF-9F3A4E7AF371}.Debug|Any CPU.Build.0 = Debug|Any CPU
		{4EF837D2-14F3-4ED8-BDAF-9F3A4E7AF371}.Release|Any CPU.ActiveCfg = Release|Any CPU
		{4EF837D2-14F3-4ED8-BDAF-9F3A4E7AF371}.Release|Any CPU.Build.0 = Release|Any CPU
		{720E3EC2-8ACC-46D3-9D33-683126ACCDC4}.Debug|Any CPU.ActiveCfg = Debug|Any CPU
		{720E3EC2-8ACC-46D3-9D33-683126ACCDC4}.Debug|Any CPU.Build.0 = Debug|Any CPU
		{720E3EC2-8ACC-46D3-9D33-683126ACCDC4}.Release|Any CPU.ActiveCfg = Release|Any CPU
		{720E3EC2-8ACC-46D3-9D33-683126ACCDC4}.Release|Any CPU.Build.0 = Release|Any CPU
	EndGlobalSection
	GlobalSection(SolutionProperties) = preSolution
		HideSolutionNode = FALSE
	EndGlobalSection
EndGlobal
